// !$*UTF8*$!
{
	archiveVersion = 1;
	classes = {
	};
	objectVersion = 56;
	objects = {

/* Begin PBXBuildFile section */
		A322FC132A455F2900DAB491 /* FloatingPanel in Frameworks */ = {isa = PBXBuildFile; productRef = A322FC122A455F2900DAB491 /* FloatingPanel */; };
		A32AC9632A417ED40086EE5B /* NaviTestViewController.swift in Sources */ = {isa = PBXBuildFile; fileRef = A32AC9622A417ED40086EE5B /* NaviTestViewController.swift */; };
		C8396CC02A2C40BC00A79E98 /* SceneKit in Frameworks */ = {isa = PBXBuildFile; productRef = C8396CBF2A2C40BC00A79E98 /* SceneKit */; };
		C8592EC92A74CCD800F4A2F4 /* GoogleService-Info.plist in Resources */ = {isa = PBXBuildFile; fileRef = C8592EC82A74CCD800F4A2F4 /* GoogleService-Info.plist */; };
		C87E317A2A2B041900FD31C8 /* AppDelegate.swift in Sources */ = {isa = PBXBuildFile; fileRef = C87E31792A2B041900FD31C8 /* AppDelegate.swift */; };
		C87E317C2A2B041900FD31C8 /* SceneDelegate.swift in Sources */ = {isa = PBXBuildFile; fileRef = C87E317B2A2B041900FD31C8 /* SceneDelegate.swift */; };
		C87E317E2A2B041900FD31C8 /* ViewController.swift in Sources */ = {isa = PBXBuildFile; fileRef = C87E317D2A2B041900FD31C8 /* ViewController.swift */; };
		C87E31812A2B041900FD31C8 /* Main.storyboard in Resources */ = {isa = PBXBuildFile; fileRef = C87E317F2A2B041900FD31C8 /* Main.storyboard */; };
		C87E31862A2B041A00FD31C8 /* LaunchScreen.storyboard in Resources */ = {isa = PBXBuildFile; fileRef = C87E31842A2B041A00FD31C8 /* LaunchScreen.storyboard */; };
		C87E31902A2B435B00FD31C8 /* SplashScene in Resources */ = {isa = PBXBuildFile; fileRef = C87E318F2A2B435B00FD31C8 /* SplashScene */; };
/* End PBXBuildFile section */

/* Begin PBXFileReference section */
		641E51372A5A4ED0002C8561 /* TwoToo.entitlements */ = {isa = PBXFileReference; lastKnownFileType = text.plist.entitlements; path = TwoToo.entitlements; sourceTree = "<group>"; };
		A32AC9622A417ED40086EE5B /* NaviTestViewController.swift */ = {isa = PBXFileReference; lastKnownFileType = sourcecode.swift; path = NaviTestViewController.swift; sourceTree = "<group>"; };
		C8396CBD2A2C3F2500A79E98 /* SceneKit */ = {isa = PBXFileReference; lastKnownFileType = wrapper; path = SceneKit; sourceTree = "<group>"; };
		C8396CBE2A2C3FA600A79E98 /* ChallengeCreateFinishScene */ = {isa = PBXFileReference; lastKnownFileType = wrapper; path = ChallengeCreateFinishScene; sourceTree = "<group>"; };
		C8592EC82A74CCD800F4A2F4 /* GoogleService-Info.plist */ = {isa = PBXFileReference; fileEncoding = 4; lastKnownFileType = text.plist.xml; name = "GoogleService-Info.plist"; path = "../../../../Desktop/GoogleService-Info.plist"; sourceTree = "<group>"; };
		C87E31762A2B041900FD31C8 /* TwoToo.app */ = {isa = PBXFileReference; explicitFileType = wrapper.application; includeInIndex = 0; path = TwoToo.app; sourceTree = BUILT_PRODUCTS_DIR; };
		C87E31792A2B041900FD31C8 /* AppDelegate.swift */ = {isa = PBXFileReference; lastKnownFileType = sourcecode.swift; path = AppDelegate.swift; sourceTree = "<group>"; };
		C87E317B2A2B041900FD31C8 /* SceneDelegate.swift */ = {isa = PBXFileReference; lastKnownFileType = sourcecode.swift; path = SceneDelegate.swift; sourceTree = "<group>"; };
		C87E317D2A2B041900FD31C8 /* ViewController.swift */ = {isa = PBXFileReference; lastKnownFileType = sourcecode.swift; path = ViewController.swift; sourceTree = "<group>"; };
		C87E31802A2B041900FD31C8 /* Base */ = {isa = PBXFileReference; lastKnownFileType = file.storyboard; name = Base; path = Base.lproj/Main.storyboard; sourceTree = "<group>"; };
		C87E31852A2B041A00FD31C8 /* Base */ = {isa = PBXFileReference; lastKnownFileType = file.storyboard; name = Base; path = Base.lproj/LaunchScreen.storyboard; sourceTree = "<group>"; };
		C87E31872A2B041A00FD31C8 /* Info.plist */ = {isa = PBXFileReference; lastKnownFileType = text.plist.xml; path = Info.plist; sourceTree = "<group>"; };
		C87E318F2A2B435B00FD31C8 /* SplashScene */ = {isa = PBXFileReference; lastKnownFileType = wrapper; path = SplashScene; sourceTree = "<group>"; };
		C87E31922A2C2B8800FD31C8 /* CoreKit */ = {isa = PBXFileReference; lastKnownFileType = wrapper; path = CoreKit; sourceTree = "<group>"; };
		C87E31932A2C2DE700FD31C8 /* DesignSystem */ = {isa = PBXFileReference; lastKnownFileType = wrapper; path = DesignSystem; sourceTree = "<group>"; };
		C87E31942A2C2DE700FD31C8 /* Network */ = {isa = PBXFileReference; lastKnownFileType = wrapper; path = Network; sourceTree = "<group>"; };
		C87E31952A2C2DE700FD31C8 /* Local */ = {isa = PBXFileReference; lastKnownFileType = wrapper; path = Local; sourceTree = "<group>"; };
		C87E31962A2C2DE700FD31C8 /* Util */ = {isa = PBXFileReference; lastKnownFileType = wrapper; path = Util; sourceTree = "<group>"; };
		C87E31972A2C2DE700FD31C8 /* Worker */ = {isa = PBXFileReference; lastKnownFileType = wrapper; path = Worker; sourceTree = "<group>"; };
		C87E31982A2C2DE700FD31C8 /* Web */ = {isa = PBXFileReference; lastKnownFileType = wrapper; path = Web; sourceTree = "<group>"; };
		C87E319A2A2C34A600FD31C8 /* LoginScene */ = {isa = PBXFileReference; lastKnownFileType = wrapper; path = LoginScene; sourceTree = "<group>"; };
		C87E319B2A2C34C600FD31C8 /* NicknameRegistScene */ = {isa = PBXFileReference; lastKnownFileType = wrapper; path = NicknameRegistScene; sourceTree = "<group>"; };
		C87E319C2A2C34D800FD31C8 /* InvitationSendScene */ = {isa = PBXFileReference; lastKnownFileType = wrapper; path = InvitationSendScene; sourceTree = "<group>"; };
		C87E319D2A2C34F200FD31C8 /* InvitationWaitScene */ = {isa = PBXFileReference; lastKnownFileType = wrapper; path = InvitationWaitScene; sourceTree = "<group>"; };
		C87E319E2A2C351D00FD31C8 /* MainScene */ = {isa = PBXFileReference; lastKnownFileType = wrapper; path = MainScene; sourceTree = "<group>"; };
		C87E319F2A2C353500FD31C8 /* HomeScene */ = {isa = PBXFileReference; lastKnownFileType = wrapper; path = HomeScene; sourceTree = "<group>"; };
		C87E31A32A2C358600FD31C8 /* ChallengeConfirmScene */ = {isa = PBXFileReference; lastKnownFileType = wrapper; path = ChallengeConfirmScene; sourceTree = "<group>"; };
		C87E31A42A2C359300FD31C8 /* FlowerSelectScene */ = {isa = PBXFileReference; lastKnownFileType = wrapper; path = FlowerSelectScene; sourceTree = "<group>"; };
		C87E31A62A2C35AA00FD31C8 /* ChallengeCertificateScene */ = {isa = PBXFileReference; lastKnownFileType = wrapper; path = ChallengeCertificateScene; sourceTree = "<group>"; };
		C87E31A72A2C35B500FD31C8 /* ChallengeHistoryScene */ = {isa = PBXFileReference; lastKnownFileType = wrapper; path = ChallengeHistoryScene; sourceTree = "<group>"; };
		C87E31A82A2C35C300FD31C8 /* ChallengeHistoryDetailScene */ = {isa = PBXFileReference; lastKnownFileType = wrapper; path = ChallengeHistoryDetailScene; sourceTree = "<group>"; };
		C87E31A92A2C35D200FD31C8 /* NudgeSendScene */ = {isa = PBXFileReference; lastKnownFileType = wrapper; path = NudgeSendScene; sourceTree = "<group>"; };
		C87E31AA2A2C35DE00FD31C8 /* PraiseSendScene */ = {isa = PBXFileReference; lastKnownFileType = wrapper; path = PraiseSendScene; sourceTree = "<group>"; };
		C87E31AB2A2C35F500FD31C8 /* HistoryScene */ = {isa = PBXFileReference; lastKnownFileType = wrapper; path = HistoryScene; sourceTree = "<group>"; };
		C87E31AC2A2C360A00FD31C8 /* MyInfoScene */ = {isa = PBXFileReference; lastKnownFileType = wrapper; path = MyInfoScene; sourceTree = "<group>"; };
		C87E31AD2A2C373F00FD31C8 /* ChallengeCreateScene */ = {isa = PBXFileReference; lastKnownFileType = wrapper; path = ChallengeCreateScene; sourceTree = "<group>"; };
/* End PBXFileReference section */

/* Begin PBXFrameworksBuildPhase section */
		C87E31732A2B041900FD31C8 /* Frameworks */ = {
			isa = PBXFrameworksBuildPhase;
			buildActionMask = 2147483647;
			files = (
				C8396CC02A2C40BC00A79E98 /* SceneKit in Frameworks */,
				A322FC132A455F2900DAB491 /* FloatingPanel in Frameworks */,
			);
			runOnlyForDeploymentPostprocessing = 0;
		};
/* End PBXFrameworksBuildPhase section */

/* Begin PBXGroup section */
		C87E316D2A2B041900FD31C8 = {
			isa = PBXGroup;
			children = (
				C87E31912A2B436200FD31C8 /* Core */,
				C87E318E2A2B435B00FD31C8 /* Scene */,
				C87E31782A2B041900FD31C8 /* TwoToo */,
				C87E31772A2B041900FD31C8 /* Products */,
				C87E31B22A2C3DBC00FD31C8 /* Frameworks */,
			);
			sourceTree = "<group>";
		};
		C87E31772A2B041900FD31C8 /* Products */ = {
			isa = PBXGroup;
			children = (
				C87E31762A2B041900FD31C8 /* TwoToo.app */,
			);
			name = Products;
			sourceTree = "<group>";
		};
		C87E31782A2B041900FD31C8 /* TwoToo */ = {
			isa = PBXGroup;
			children = (
				641E51372A5A4ED0002C8561 /* TwoToo.entitlements */,
				C87E31792A2B041900FD31C8 /* AppDelegate.swift */,
				C87E317B2A2B041900FD31C8 /* SceneDelegate.swift */,
				A32AC9622A417ED40086EE5B /* NaviTestViewController.swift */,
				C87E317D2A2B041900FD31C8 /* ViewController.swift */,
				C87E317F2A2B041900FD31C8 /* Main.storyboard */,
				C87E31842A2B041A00FD31C8 /* LaunchScreen.storyboard */,
				C8592EC82A74CCD800F4A2F4 /* GoogleService-Info.plist */,
				C87E31872A2B041A00FD31C8 /* Info.plist */,
			);
			path = TwoToo;
			sourceTree = "<group>";
		};
		C87E318E2A2B435B00FD31C8 /* Scene */ = {
			isa = PBXGroup;
			children = (
				C8396CBD2A2C3F2500A79E98 /* SceneKit */,
				C87E31AD2A2C373F00FD31C8 /* ChallengeCreateScene */,
				C87E318F2A2B435B00FD31C8 /* SplashScene */,
				C87E319A2A2C34A600FD31C8 /* LoginScene */,
				C87E319B2A2C34C600FD31C8 /* NicknameRegistScene */,
				C87E319C2A2C34D800FD31C8 /* InvitationSendScene */,
				C87E319D2A2C34F200FD31C8 /* InvitationWaitScene */,
				C87E319E2A2C351D00FD31C8 /* MainScene */,
				C87E319F2A2C353500FD31C8 /* HomeScene */,
				C87E31A32A2C358600FD31C8 /* ChallengeConfirmScene */,
				C87E31A42A2C359300FD31C8 /* FlowerSelectScene */,
				C87E31A62A2C35AA00FD31C8 /* ChallengeCertificateScene */,
				C87E31A72A2C35B500FD31C8 /* ChallengeHistoryScene */,
				C87E31A82A2C35C300FD31C8 /* ChallengeHistoryDetailScene */,
				C87E31A92A2C35D200FD31C8 /* NudgeSendScene */,
				C87E31AA2A2C35DE00FD31C8 /* PraiseSendScene */,
				C87E31AB2A2C35F500FD31C8 /* HistoryScene */,
				C87E31AC2A2C360A00FD31C8 /* MyInfoScene */,
				C8396CBE2A2C3FA600A79E98 /* ChallengeCreateFinishScene */,
			);
			path = Scene;
			sourceTree = "<group>";
		};
		C87E31912A2B436200FD31C8 /* Core */ = {
			isa = PBXGroup;
			children = (
				C87E31932A2C2DE700FD31C8 /* DesignSystem */,
				C87E31952A2C2DE700FD31C8 /* Local */,
				C87E31942A2C2DE700FD31C8 /* Network */,
				C87E31962A2C2DE700FD31C8 /* Util */,
				C87E31982A2C2DE700FD31C8 /* Web */,
				C87E31972A2C2DE700FD31C8 /* Worker */,
				C87E31922A2C2B8800FD31C8 /* CoreKit */,
			);
			path = Core;
			sourceTree = "<group>";
		};
		C87E31B22A2C3DBC00FD31C8 /* Frameworks */ = {
			isa = PBXGroup;
			children = (
			);
			name = Frameworks;
			sourceTree = "<group>";
		};
/* End PBXGroup section */

/* Begin PBXNativeTarget section */
		C87E31752A2B041900FD31C8 /* TwoToo */ = {
			isa = PBXNativeTarget;
			buildConfigurationList = C87E318A2A2B041A00FD31C8 /* Build configuration list for PBXNativeTarget "TwoToo" */;
			buildPhases = (
				C87E31722A2B041900FD31C8 /* Sources */,
				C87E31732A2B041900FD31C8 /* Frameworks */,
				C87E31742A2B041900FD31C8 /* Resources */,
			);
			buildRules = (
			);
			dependencies = (
			);
			name = TwoToo;
			packageProductDependencies = (
				C8396CBF2A2C40BC00A79E98 /* SceneKit */,
				A322FC122A455F2900DAB491 /* FloatingPanel */,
			);
			productName = TwoToo;
			productReference = C87E31762A2B041900FD31C8 /* TwoToo.app */;
			productType = "com.apple.product-type.application";
		};
/* End PBXNativeTarget section */

/* Begin PBXProject section */
		C87E316E2A2B041900FD31C8 /* Project object */ = {
			isa = PBXProject;
			attributes = {
				BuildIndependentTargetsInParallel = 1;
				LastSwiftUpdateCheck = 1430;
				LastUpgradeCheck = 1430;
				TargetAttributes = {
					C87E31752A2B041900FD31C8 = {
						CreatedOnToolsVersion = 14.3;
					};
				};
			};
			buildConfigurationList = C87E31712A2B041900FD31C8 /* Build configuration list for PBXProject "TwoToo" */;
			compatibilityVersion = "Xcode 14.0";
			developmentRegion = en;
			hasScannedForEncodings = 0;
			knownRegions = (
				en,
				Base,
			);
			mainGroup = C87E316D2A2B041900FD31C8;
			packageReferences = (
				A322FC112A455F2900DAB491 /* XCRemoteSwiftPackageReference "FloatingPanel" */,
			);
			productRefGroup = C87E31772A2B041900FD31C8 /* Products */;
			projectDirPath = "";
			projectRoot = "";
			targets = (
				C87E31752A2B041900FD31C8 /* TwoToo */,
			);
		};
/* End PBXProject section */

/* Begin PBXResourcesBuildPhase section */
		C87E31742A2B041900FD31C8 /* Resources */ = {
			isa = PBXResourcesBuildPhase;
			buildActionMask = 2147483647;
			files = (
				C87E31902A2B435B00FD31C8 /* SplashScene in Resources */,
				C8592EC92A74CCD800F4A2F4 /* GoogleService-Info.plist in Resources */,
				C87E31862A2B041A00FD31C8 /* LaunchScreen.storyboard in Resources */,
				C87E31812A2B041900FD31C8 /* Main.storyboard in Resources */,
			);
			runOnlyForDeploymentPostprocessing = 0;
		};
/* End PBXResourcesBuildPhase section */

/* Begin PBXSourcesBuildPhase section */
		C87E31722A2B041900FD31C8 /* Sources */ = {
			isa = PBXSourcesBuildPhase;
			buildActionMask = 2147483647;
			files = (
				A32AC9632A417ED40086EE5B /* NaviTestViewController.swift in Sources */,
				C87E317E2A2B041900FD31C8 /* ViewController.swift in Sources */,
				C87E317A2A2B041900FD31C8 /* AppDelegate.swift in Sources */,
				C87E317C2A2B041900FD31C8 /* SceneDelegate.swift in Sources */,
			);
			runOnlyForDeploymentPostprocessing = 0;
		};
/* End PBXSourcesBuildPhase section */

/* Begin PBXVariantGroup section */
		C87E317F2A2B041900FD31C8 /* Main.storyboard */ = {
			isa = PBXVariantGroup;
			children = (
				C87E31802A2B041900FD31C8 /* Base */,
			);
			name = Main.storyboard;
			sourceTree = "<group>";
		};
		C87E31842A2B041A00FD31C8 /* LaunchScreen.storyboard */ = {
			isa = PBXVariantGroup;
			children = (
				C87E31852A2B041A00FD31C8 /* Base */,
			);
			name = LaunchScreen.storyboard;
			sourceTree = "<group>";
		};
/* End PBXVariantGroup section */

/* Begin XCBuildConfiguration section */
		C87E31882A2B041A00FD31C8 /* Debug */ = {
			isa = XCBuildConfiguration;
			buildSettings = {
				ALWAYS_SEARCH_USER_PATHS = NO;
				CLANG_ANALYZER_NONNULL = YES;
				CLANG_ANALYZER_NUMBER_OBJECT_CONVERSION = YES_AGGRESSIVE;
				CLANG_CXX_LANGUAGE_STANDARD = "gnu++20";
				CLANG_ENABLE_MODULES = YES;
				CLANG_ENABLE_OBJC_ARC = YES;
				CLANG_ENABLE_OBJC_WEAK = YES;
				CLANG_WARN_BLOCK_CAPTURE_AUTORELEASING = YES;
				CLANG_WARN_BOOL_CONVERSION = YES;
				CLANG_WARN_COMMA = YES;
				CLANG_WARN_CONSTANT_CONVERSION = YES;
				CLANG_WARN_DEPRECATED_OBJC_IMPLEMENTATIONS = YES;
				CLANG_WARN_DIRECT_OBJC_ISA_USAGE = YES_ERROR;
				CLANG_WARN_DOCUMENTATION_COMMENTS = YES;
				CLANG_WARN_EMPTY_BODY = YES;
				CLANG_WARN_ENUM_CONVERSION = YES;
				CLANG_WARN_INFINITE_RECURSION = YES;
				CLANG_WARN_INT_CONVERSION = YES;
				CLANG_WARN_NON_LITERAL_NULL_CONVERSION = YES;
				CLANG_WARN_OBJC_IMPLICIT_RETAIN_SELF = YES;
				CLANG_WARN_OBJC_LITERAL_CONVERSION = YES;
				CLANG_WARN_OBJC_ROOT_CLASS = YES_ERROR;
				CLANG_WARN_QUOTED_INCLUDE_IN_FRAMEWORK_HEADER = YES;
				CLANG_WARN_RANGE_LOOP_ANALYSIS = YES;
				CLANG_WARN_STRICT_PROTOTYPES = YES;
				CLANG_WARN_SUSPICIOUS_MOVE = YES;
				CLANG_WARN_UNGUARDED_AVAILABILITY = YES_AGGRESSIVE;
				CLANG_WARN_UNREACHABLE_CODE = YES;
				CLANG_WARN__DUPLICATE_METHOD_MATCH = YES;
				COPY_PHASE_STRIP = NO;
				DEBUG_INFORMATION_FORMAT = dwarf;
				ENABLE_STRICT_OBJC_MSGSEND = YES;
				ENABLE_TESTABILITY = YES;
				GCC_C_LANGUAGE_STANDARD = gnu11;
				GCC_DYNAMIC_NO_PIC = NO;
				GCC_NO_COMMON_BLOCKS = YES;
				GCC_OPTIMIZATION_LEVEL = 0;
				GCC_PREPROCESSOR_DEFINITIONS = (
					"DEBUG=1",
					"$(inherited)",
				);
				GCC_WARN_64_TO_32_BIT_CONVERSION = YES;
				GCC_WARN_ABOUT_RETURN_TYPE = YES_ERROR;
				GCC_WARN_UNDECLARED_SELECTOR = YES;
				GCC_WARN_UNINITIALIZED_AUTOS = YES_AGGRESSIVE;
				GCC_WARN_UNUSED_FUNCTION = YES;
				GCC_WARN_UNUSED_VARIABLE = YES;
				IPHONEOS_DEPLOYMENT_TARGET = 16.4;
				MTL_ENABLE_DEBUG_INFO = INCLUDE_SOURCE;
				MTL_FAST_MATH = YES;
				ONLY_ACTIVE_ARCH = YES;
				SDKROOT = iphoneos;
				SWIFT_ACTIVE_COMPILATION_CONDITIONS = DEBUG;
				SWIFT_OPTIMIZATION_LEVEL = "-Onone";
			};
			name = Debug;
		};
		C87E31892A2B041A00FD31C8 /* Release */ = {
			isa = XCBuildConfiguration;
			buildSettings = {
				ALWAYS_SEARCH_USER_PATHS = NO;
				CLANG_ANALYZER_NONNULL = YES;
				CLANG_ANALYZER_NUMBER_OBJECT_CONVERSION = YES_AGGRESSIVE;
				CLANG_CXX_LANGUAGE_STANDARD = "gnu++20";
				CLANG_ENABLE_MODULES = YES;
				CLANG_ENABLE_OBJC_ARC = YES;
				CLANG_ENABLE_OBJC_WEAK = YES;
				CLANG_WARN_BLOCK_CAPTURE_AUTORELEASING = YES;
				CLANG_WARN_BOOL_CONVERSION = YES;
				CLANG_WARN_COMMA = YES;
				CLANG_WARN_CONSTANT_CONVERSION = YES;
				CLANG_WARN_DEPRECATED_OBJC_IMPLEMENTATIONS = YES;
				CLANG_WARN_DIRECT_OBJC_ISA_USAGE = YES_ERROR;
				CLANG_WARN_DOCUMENTATION_COMMENTS = YES;
				CLANG_WARN_EMPTY_BODY = YES;
				CLANG_WARN_ENUM_CONVERSION = YES;
				CLANG_WARN_INFINITE_RECURSION = YES;
				CLANG_WARN_INT_CONVERSION = YES;
				CLANG_WARN_NON_LITERAL_NULL_CONVERSION = YES;
				CLANG_WARN_OBJC_IMPLICIT_RETAIN_SELF = YES;
				CLANG_WARN_OBJC_LITERAL_CONVERSION = YES;
				CLANG_WARN_OBJC_ROOT_CLASS = YES_ERROR;
				CLANG_WARN_QUOTED_INCLUDE_IN_FRAMEWORK_HEADER = YES;
				CLANG_WARN_RANGE_LOOP_ANALYSIS = YES;
				CLANG_WARN_STRICT_PROTOTYPES = YES;
				CLANG_WARN_SUSPICIOUS_MOVE = YES;
				CLANG_WARN_UNGUARDED_AVAILABILITY = YES_AGGRESSIVE;
				CLANG_WARN_UNREACHABLE_CODE = YES;
				CLANG_WARN__DUPLICATE_METHOD_MATCH = YES;
				COPY_PHASE_STRIP = NO;
				DEBUG_INFORMATION_FORMAT = "dwarf-with-dsym";
				ENABLE_NS_ASSERTIONS = NO;
				ENABLE_STRICT_OBJC_MSGSEND = YES;
				GCC_C_LANGUAGE_STANDARD = gnu11;
				GCC_NO_COMMON_BLOCKS = YES;
				GCC_WARN_64_TO_32_BIT_CONVERSION = YES;
				GCC_WARN_ABOUT_RETURN_TYPE = YES_ERROR;
				GCC_WARN_UNDECLARED_SELECTOR = YES;
				GCC_WARN_UNINITIALIZED_AUTOS = YES_AGGRESSIVE;
				GCC_WARN_UNUSED_FUNCTION = YES;
				GCC_WARN_UNUSED_VARIABLE = YES;
				IPHONEOS_DEPLOYMENT_TARGET = 16.4;
				MTL_ENABLE_DEBUG_INFO = NO;
				MTL_FAST_MATH = YES;
				SDKROOT = iphoneos;
				SWIFT_COMPILATION_MODE = wholemodule;
				SWIFT_OPTIMIZATION_LEVEL = "-O";
				VALIDATE_PRODUCT = YES;
			};
			name = Release;
		};
		C87E318B2A2B041A00FD31C8 /* Debug */ = {
			isa = XCBuildConfiguration;
			buildSettings = {
				ASSETCATALOG_COMPILER_APPICON_NAME = AppIcon;
				ASSETCATALOG_COMPILER_GLOBAL_ACCENT_COLOR_NAME = AccentColor;
				CODE_SIGN_ENTITLEMENTS = TwoToo/TwoToo.entitlements;
				CODE_SIGN_IDENTITY = "Apple Development";
				CODE_SIGN_STYLE = Automatic;
				CURRENT_PROJECT_VERSION = 1;
				DEVELOPMENT_TEAM = MRMBCYN83C;
				GENERATE_INFOPLIST_FILE = YES;
				INFOPLIST_FILE = TwoToo/Info.plist;
				INFOPLIST_KEY_CFBundleDisplayName = TwoToo;
				INFOPLIST_KEY_UIApplicationSupportsIndirectInputEvents = YES;
				INFOPLIST_KEY_UILaunchStoryboardName = LaunchScreen;
				INFOPLIST_KEY_UIMainStoryboardFile = Main;
				INFOPLIST_KEY_UISupportedInterfaceOrientations_iPad = "UIInterfaceOrientationPortrait UIInterfaceOrientationPortraitUpsideDown UIInterfaceOrientationLandscapeLeft UIInterfaceOrientationLandscapeRight";
				INFOPLIST_KEY_UISupportedInterfaceOrientations_iPhone = "UIInterfaceOrientationPortrait UIInterfaceOrientationLandscapeLeft UIInterfaceOrientationLandscapeRight";
				IPHONEOS_DEPLOYMENT_TARGET = 14.1;
				LD_RUNPATH_SEARCH_PATHS = (
					"$(inherited)",
					"@executable_path/Frameworks",
				);
				MARKETING_VERSION = 1.0;
				PRODUCT_BUNDLE_IDENTIFIER = "kr.mash-up.TwoToo";
				PRODUCT_NAME = "$(TARGET_NAME)";
				PROVISIONING_PROFILE_SPECIFIER = "";
				SWIFT_EMIT_LOC_STRINGS = YES;
				SWIFT_VERSION = 5.0;
				TARGETED_DEVICE_FAMILY = "1,2";
			};
			name = Debug;
		};
		C87E318C2A2B041A00FD31C8 /* Release */ = {
			isa = XCBuildConfiguration;
			buildSettings = {
				ASSETCATALOG_COMPILER_APPICON_NAME = AppIcon;
				ASSETCATALOG_COMPILER_GLOBAL_ACCENT_COLOR_NAME = AccentColor;
				CODE_SIGN_ENTITLEMENTS = TwoToo/TwoToo.entitlements;
				CODE_SIGN_IDENTITY = "Apple Development";
				CODE_SIGN_STYLE = Automatic;
				CURRENT_PROJECT_VERSION = 1;
				DEVELOPMENT_TEAM = MRMBCYN83C;
				GENERATE_INFOPLIST_FILE = YES;
				INFOPLIST_FILE = TwoToo/Info.plist;
				INFOPLIST_KEY_CFBundleDisplayName = TwoToo;
				INFOPLIST_KEY_UIApplicationSupportsIndirectInputEvents = YES;
				INFOPLIST_KEY_UILaunchStoryboardName = LaunchScreen;
				INFOPLIST_KEY_UIMainStoryboardFile = Main;
				INFOPLIST_KEY_UISupportedInterfaceOrientations_iPad = "UIInterfaceOrientationPortrait UIInterfaceOrientationPortraitUpsideDown UIInterfaceOrientationLandscapeLeft UIInterfaceOrientationLandscapeRight";
				INFOPLIST_KEY_UISupportedInterfaceOrientations_iPhone = "UIInterfaceOrientationPortrait UIInterfaceOrientationLandscapeLeft UIInterfaceOrientationLandscapeRight";
				IPHONEOS_DEPLOYMENT_TARGET = 14.1;
				LD_RUNPATH_SEARCH_PATHS = (
					"$(inherited)",
					"@executable_path/Frameworks",
				);
				MARKETING_VERSION = 1.0;
				PRODUCT_BUNDLE_IDENTIFIER = "kr.mash-up.TwoToo";
				PRODUCT_NAME = "$(TARGET_NAME)";
				PROVISIONING_PROFILE_SPECIFIER = "";
				SWIFT_EMIT_LOC_STRINGS = YES;
				SWIFT_VERSION = 5.0;
				TARGETED_DEVICE_FAMILY = "1,2";
			};
			name = Release;
		};
/* End XCBuildConfiguration section */

/* Begin XCConfigurationList section */
		C87E31712A2B041900FD31C8 /* Build configuration list for PBXProject "TwoToo" */ = {
			isa = XCConfigurationList;
			buildConfigurations = (
				C87E31882A2B041A00FD31C8 /* Debug */,
				C87E31892A2B041A00FD31C8 /* Release */,
			);
			defaultConfigurationIsVisible = 0;
			defaultConfigurationName = Release;
		};
		C87E318A2A2B041A00FD31C8 /* Build configuration list for PBXNativeTarget "TwoToo" */ = {
			isa = XCConfigurationList;
			buildConfigurations = (
				C87E318B2A2B041A00FD31C8 /* Debug */,
				C87E318C2A2B041A00FD31C8 /* Release */,
			);
			defaultConfigurationIsVisible = 0;
			defaultConfigurationName = Release;
		};
/* End XCConfigurationList section */

/* Begin XCRemoteSwiftPackageReference section */
		A322FC112A455F2900DAB491 /* XCRemoteSwiftPackageReference "FloatingPanel" */ = {
			isa = XCRemoteSwiftPackageReference;
			repositoryURL = "https://github.com/scenee/FloatingPanel";
			requirement = {
				kind = upToNextMajorVersion;
				minimumVersion = 2.0.0;
			};
		};
/* End XCRemoteSwiftPackageReference section */

/* Begin XCSwiftPackageProductDependency section */
		A322FC122A455F2900DAB491 /* FloatingPanel */ = {
			isa = XCSwiftPackageProductDependency;
			package = A322FC112A455F2900DAB491 /* XCRemoteSwiftPackageReference "FloatingPanel" */;
			productName = FloatingPanel;
		};
		C8396CBF2A2C40BC00A79E98 /* SceneKit */ = {
			isa = XCSwiftPackageProductDependency;
			productName = SceneKit;
		};
/* End XCSwiftPackageProductDependency section */
	};
	rootObject = C87E316E2A2B041900FD31C8 /* Project object */;
}
